
Microsoft Visual Studio Solution File, Format Version 12.00
# Visual Studio 14
VisualStudioVersion = 14.0.25123.0
MinimumVisualStudioVersion = 10.0.40219.1
Project("{FAE04EC0-301F-11D3-BF4B-00C04F79EFBC}") = "NumericSequenceCalculator", "NumericSequenceCalculator\NumericSequenceCalculator.csproj", "{DFCADF9F-25C6-419D-B4DA-BF4AA213077E}"
EndProject
Project("{FAE04EC0-301F-11D3-BF4B-00C04F79EFBC}") = "NumericSequenceCalculator.Tests", "NumericSequenceCalculator.Tests\NumericSequenceCalculator.Tests.csproj", "{EC551604-350D-4E2E-8ED2-AF63F43C3190}"
EndProject
Global
	GlobalSection(SolutionConfigurationPlatforms) = preSolution
		Debug|Any CPU = Debug|Any CPU
		Release|Any CPU = Release|Any CPU
	EndGlobalSection
	GlobalSection(ProjectConfigurationPlatforms) = postSolution
		{DFCADF9F-25C6-419D-B4DA-BF4AA213077E}.Debug|Any CPU.ActiveCfg = Debug|Any CPU
		{DFCADF9F-25C6-419D-B4DA-BF4AA213077E}.Debug|Any CPU.Build.0 = Debug|Any CPU
		{DFCADF9F-25C6-419D-B4DA-BF4AA213077E}.Release|Any CPU.ActiveCfg = Release|Any CPU
		{DFCADF9F-25C6-419D-B4DA-BF4AA213077E}.Release|Any CPU.Build.0 = Release|Any CPU
		{EC551604-350D-4E2E-8ED2-AF63F43C3190}.Debug|Any CPU.ActiveCfg = Debug|Any CPU
		{EC551604-350D-4E2E-8ED2-AF63F43C3190}.Debug|Any CPU.Build.0 = Debug|Any CPU
		{EC551604-350D-4E2E-8ED2-AF63F43C3190}.Release|Any CPU.ActiveCfg = Release|Any CPU
		{EC551604-350D-4E2E-8ED2-AF63F43C3190}.Release|Any CPU.Build.0 = Release|Any CPU
	EndGlobalSection
	GlobalSection(SolutionProperties) = preSolution
		HideSolutionNode = FALSE
	EndGlobalSection
EndGlobal
